lockfileVersion: '9.0'

settings:
  autoInstallPeers: true
  excludeLinksFromLockfile: false

importers:

  .:
    devDependencies:
      '@typescript/native-preview':
        specifier: 7.0.0-dev.20251025.1
        version: 7.0.0-dev.20251025.1
      typescript:
        specifier: ^5.9.3
        version: 5.9.3

packages:

  '@typescript/native-preview-darwin-arm64@7.0.0-dev.20251025.1':
    resolution: {integrity: sha512-0UXLIhZljmFSzB5bF2G3gTp3N89/1leifhPk4Ts/k2JaajbNljudeY3QWuO8RFgLxuGUU4hrFVkUIyQBoL6cBQ==}
    cpu: [arm64]
    os: [darwin]

  '@typescript/native-preview-darwin-x64@7.0.0-dev.20251025.1':
    resolution: {integrity: sha512-FOQaKGengZXKxO+740vq/Svt2suXizHRgJKCOgoDrUQJQHGwQuKJUrmYGl76lS2njAl++W8j0ujUuZFPW7PU2A==}
    cpu: [x64]
    os: [darwin]

  '@typescript/native-preview-linux-arm64@7.0.0-dev.20251025.1':
    resolution: {integrity: sha512-Qg/OKOgdMANPn5I3TlYaukpcjTh2dVIPjOudrtu4Uv68mX6LJNx8e0G6NPWkH00BKVNbsHSBXlahDmWon9+RKw==}
    cpu: [arm64]
    os: [linux]

  '@typescript/native-preview-linux-arm@7.0.0-dev.20251025.1':
    resolution: {integrity: sha512-droErJsgPMF5xkfWKgTjRcE7PzABF+JOsT+OEzYWPB/ytoW6SBhEBliw7ZmeQOyPVkqiqe+LkQCAKf4hAjqtxw==}
    cpu: [arm]
    os: [linux]

  '@typescript/native-preview-linux-x64@7.0.0-dev.20251025.1':
    resolution: {integrity: sha512-bNH/NEJwza5oz7V08H4K0A17bh23JMwrNYrknu3w6l5H9cMehZX19Y+9EloDM4htYbNJU3HozmY2rAuFtg7aHg==}
    cpu: [x64]
    os: [linux]

  '@typescript/native-preview-win32-arm64@7.0.0-dev.20251025.1':
    resolution: {integrity: sha512-H+oUFmoUVnaQ68K48URp/2N3UBwJ7aVq+f9ZtBz4RQ4hhhp2N5ChLbdL0A7HskHTZg96CfG0GfcYcRSwUASu1Q==}
    cpu: [arm64]
    os: [win32]

  '@typescript/native-preview-win32-x64@7.0.0-dev.20251025.1':
    resolution: {integrity: sha512-jbrF+2QxhJVSIK3r2Pga036eoCMSRxpAFteHPTb4aK99dWPdUfr8va1ThpOoeXryf/QT9T5plUSebt18myx4kw==}
    cpu: [x64]
    os: [win32]

  '@typescript/native-preview@7.0.0-dev.20251025.1':
    resolution: {integrity: sha512-zHLmnunbWGLukprLqARRD4mTVSG2m/mmZMyMqzhhYXLLoR2xQSaUs8/oklkgdQW6+oC6TNUnnymVK/lao2tQBg==}
    hasBin: true

  typescript@5.9.3:
    resolution: {integrity: sha512-jl1vZzPDinLr9eUt3J/t7V6FgNEw9QjvBPdysz9KfQDD41fQrC2Y4vKQdiaUpFT4bXlb1RHhLpp8wtm6M5TgSw==}
    engines: {node: '>=14.17'}
    hasBin: true

snapshots:

  '@typescript/native-preview-darwin-arm64@7.0.0-dev.20251025.1':
    optional: true

  '@typescript/native-preview-darwin-x64@7.0.0-dev.20251025.1':
    optional: true

  '@typescript/native-preview-linux-arm64@7.0.0-dev.20251025.1':
    optional: true

  '@typescript/native-preview-linux-arm@7.0.0-dev.20251025.1':
    optional: true

  '@typescript/native-preview-linux-x64@7.0.0-dev.20251025.1':
    optional: true

  '@typescript/native-preview-win32-arm64@7.0.0-dev.20251025.1':
    optional: true

  '@typescript/native-preview-win32-x64@7.0.0-dev.20251025.1':
    optional: true

  '@typescript/native-preview@7.0.0-dev.20251025.1':
    optionalDependencies:
      '@typescript/native-preview-darwin-arm64': 7.0.0-dev.20251025.1
      '@typescript/native-preview-darwin-x64': 7.0.0-dev.20251025.1
      '@typescript/native-preview-linux-arm': 7.0.0-dev.20251025.1
      '@typescript/native-preview-linux-arm64': 7.0.0-dev.20251025.1
      '@typescript/native-preview-linux-x64': 7.0.0-dev.20251025.1
      '@typescript/native-preview-win32-arm64': 7.0.0-dev.20251025.1
      '@typescript/native-preview-win32-x64': 7.0.0-dev.20251025.1

  typescript@5.9.3: {}
